
Microsoft Visual Studio Solution File, Format Version 12.00
# Visual Studio Version 17
VisualStudioVersion = 17.8.34330.188
MinimumVisualStudioVersion = 10.0.40219.1
Project("{9A19103F-16F7-4668-BE54-9A1E7A4F7556}") = "Bulky.Web", "Bulky.Web\Bulky.Web.csproj", "{31E00848-A3F8-4C1F-9DBA-10810AF22D11}"
EndProject
Project("{9A19103F-16F7-4668-BE54-9A1E7A4F7556}") = "Bulky.Razor.Temp", "Bulky.Razor.Temp\Bulky.Razor.Temp.csproj", "{B06D2E74-052E-42F6-9082-881D951A8738}"
EndProject
Global
	GlobalSection(SolutionConfigurationPlatforms) = preSolution
		Debug|Any CPU = Debug|Any CPU
		Release|Any CPU = Release|Any CPU
	EndGlobalSection
	GlobalSection(ProjectConfigurationPlatforms) = postSolution
		{31E00848-A3F8-4C1F-9DBA-10810AF22D11}.Debug|Any CPU.ActiveCfg = Debug|Any CPU
		{31E00848-A3F8-4C1F-9DBA-10810AF22D11}.Debug|Any CPU.Build.0 = Debug|Any CPU
		{31E00848-A3F8-4C1F-9DBA-10810AF22D11}.Release|Any CPU.ActiveCfg = Release|Any CPU
		{31E00848-A3F8-4C1F-9DBA-10810AF22D11}.Release|Any CPU.Build.0 = Release|Any CPU
		{B06D2E74-052E-42F6-9082-881D951A8738}.Debug|Any CPU.ActiveCfg = Debug|Any CPU
		{B06D2E74-052E-42F6-9082-881D951A8738}.Debug|Any CPU.Build.0 = Debug|Any CPU
		{B06D2E74-052E-42F6-9082-881D951A8738}.Release|Any CPU.ActiveCfg = Release|Any CPU
		{B06D2E74-052E-42F6-9082-881D951A8738}.Release|Any CPU.Build.0 = Release|Any CPU
	EndGlobalSection
	GlobalSection(SolutionProperties) = preSolution
		HideSolutionNode = FALSE
	EndGlobalSection
	GlobalSection(ExtensibilityGlobals) = postSolution
		SolutionGuid = {6D99EE4F-F105-41C0-81C9-66255C4264D7}
	EndGlobalSection
EndGlobal
